
Microsoft Visual Studio Solution File, Format Version 12.00
# Visual Studio Version 17
VisualStudioVersion = 17.11.35312.102
MinimumVisualStudioVersion = 10.0.40219.1
Project("{9A19103F-16F7-4668-BE54-9A1E7A4F7556}") = "BackendApi", "BackendApi\BackendApi.csproj", "{99BC7F45-8910-436E-A6A9-31EFDC828257}"
EndProject
Project("{9A19103F-16F7-4668-BE54-9A1E7A4F7556}") = "MessageLib", "..\..\MessageLib\MessageLib.csproj", "{F28DFC61-BB19-45B8-AE87-CD3E7F709186}"
EndProject
Global
	GlobalSection(SolutionConfigurationPlatforms) = preSolution
		Debug|Any CPU = Debug|Any CPU
		Release|Any CPU = Release|Any CPU
	EndGlobalSection
	GlobalSection(ProjectConfigurationPlatforms) = postSolution
		{99BC7F45-8910-436E-A6A9-31EFDC828257}.Debug|Any CPU.ActiveCfg = Debug|Any CPU
		{99BC7F45-8910-436E-A6A9-31EFDC828257}.Debug|Any CPU.Build.0 = Debug|Any CPU
		{99BC7F45-8910-436E-A6A9-31EFDC828257}.Release|Any CPU.ActiveCfg = Release|Any CPU
		{99BC7F45-8910-436E-A6A9-31EFDC828257}.Release|Any CPU.Build.0 = Release|Any CPU
		{F28DFC61-BB19-45B8-AE87-CD3E7F709186}.Debug|Any CPU.ActiveCfg = Debug|Any CPU
		{F28DFC61-BB19-45B8-AE87-CD3E7F709186}.Debug|Any CPU.Build.0 = Debug|Any CPU
		{F28DFC61-BB19-45B8-AE87-CD3E7F709186}.Release|Any CPU.ActiveCfg = Release|Any CPU
		{F28DFC61-BB19-45B8-AE87-CD3E7F709186}.Release|Any CPU.Build.0 = Release|Any CPU
	EndGlobalSection
	GlobalSection(SolutionProperties) = preSolution
		HideSolutionNode = FALSE
	EndGlobalSection
	GlobalSection(ExtensibilityGlobals) = postSolution
		SolutionGuid = {EF72B377-5E50-45A2-8543-9A480F37F198}
	EndGlobalSection
EndGlobal
